Microsoft Visual Studio Solution File, Format Version 12.00
# Visual Studio Version 17
VisualStudioVersion = 17.5.2.0
MinimumVisualStudioVersion = 10.0.40219.1
Project("{FAE04EC0-301F-11D3-BF4B-00C04F79EFBC}") = "Calcularoda_CSharp", "Calcularoda_CSharp.csproj", "{DE4DEF0E-5691-5E9A-B6D3-CCE57537392E}"
EndProject
Global
	GlobalSection(SolutionConfigurationPlatforms) = preSolution
		Debug|Any CPU = Debug|Any CPU
		Release|Any CPU = Release|Any CPU
	EndGlobalSection
	GlobalSection(ProjectConfigurationPlatforms) = postSolution
		{DE4DEF0E-5691-5E9A-B6D3-CCE57537392E}.Debug|Any CPU.ActiveCfg = Debug|Any CPU
		{DE4DEF0E-5691-5E9A-B6D3-CCE57537392E}.Debug|Any CPU.Build.0 = Debug|Any CPU
		{DE4DEF0E-5691-5E9A-B6D3-CCE57537392E}.Release|Any CPU.ActiveCfg = Release|Any CPU
		{DE4DEF0E-5691-5E9A-B6D3-CCE57537392E}.Release|Any CPU.Build.0 = Release|Any CPU
	EndGlobalSection
	GlobalSection(SolutionProperties) = preSolution
		HideSolutionNode = FALSE
	EndGlobalSection
	GlobalSection(ExtensibilityGlobals) = postSolution
		SolutionGuid = {DABE1DB6-C8BD-420A-A501-F15DD7793C07}
	EndGlobalSection
EndGlobal
